
Microsoft Visual Studio Solution File, Format Version 12.00
Project("{FAE04EC0-301F-11D3-BF4B-00C04F79EFBC}") = "WasaBii-Units-Shared", "WasaBii-Units-Shared\WasaBii-Units-Shared.csproj", "{A0E4209B-88A6-4959-9FA9-E0DED5973B99}"
EndProject
Project("{FAE04EC0-301F-11D3-BF4B-00C04F79EFBC}") = "WasaBii-Units-Generator", "WasaBii-Units-Generator\WasaBii-Units-Generator.csproj", "{C1CE8B4C-775D-4BB5-B1A1-C976322BE4D3}"
EndProject
Project("{FAE04EC0-301F-11D3-BF4B-00C04F79EFBC}") = "WasaBii-Units-Generator-Tests", "WasaBii-Units-Generator-Tests\WasaBii-Units-Generator-Tests.csproj", "{1AD1BEEE-5FEC-4B7A-A437-20B125411958}"
EndProject
Global
	GlobalSection(SolutionConfigurationPlatforms) = preSolution
		Debug|Any CPU = Debug|Any CPU
		Release|Any CPU = Release|Any CPU
	EndGlobalSection
	GlobalSection(ProjectConfigurationPlatforms) = postSolution
		{A0E4209B-88A6-4959-9FA9-E0DED5973B99}.Debug|Any CPU.ActiveCfg = Debug|Any CPU
		{A0E4209B-88A6-4959-9FA9-E0DED5973B99}.Debug|Any CPU.Build.0 = Debug|Any CPU
		{A0E4209B-88A6-4959-9FA9-E0DED5973B99}.Release|Any CPU.ActiveCfg = Release|Any CPU
		{A0E4209B-88A6-4959-9FA9-E0DED5973B99}.Release|Any CPU.Build.0 = Release|Any CPU
		{C1CE8B4C-775D-4BB5-B1A1-C976322BE4D3}.Debug|Any CPU.ActiveCfg = Debug|Any CPU
		{C1CE8B4C-775D-4BB5-B1A1-C976322BE4D3}.Debug|Any CPU.Build.0 = Debug|Any CPU
		{C1CE8B4C-775D-4BB5-B1A1-C976322BE4D3}.Release|Any CPU.ActiveCfg = Release|Any CPU
		{C1CE8B4C-775D-4BB5-B1A1-C976322BE4D3}.Release|Any CPU.Build.0 = Release|Any CPU
		{1AD1BEEE-5FEC-4B7A-A437-20B125411958}.Debug|Any CPU.ActiveCfg = Debug|Any CPU
		{1AD1BEEE-5FEC-4B7A-A437-20B125411958}.Debug|Any CPU.Build.0 = Debug|Any CPU
		{1AD1BEEE-5FEC-4B7A-A437-20B125411958}.Release|Any CPU.ActiveCfg = Release|Any CPU
		{1AD1BEEE-5FEC-4B7A-A437-20B125411958}.Release|Any CPU.Build.0 = Release|Any CPU
	EndGlobalSection
EndGlobal
